
Microsoft Visual Studio Solution File, Format Version 12.00
# Visual Studio Version 17
VisualStudioVersion = 17.0.31808.319
MinimumVisualStudioVersion = 10.0.40219.1
Project("{2150E333-8FDC-42A3-9474-1A3956D46DE8}") = "Documentation", "Documentation", "{E2CE8EFF-919A-46CF-9F6A-3D33EBF9DAFB}"
	ProjectSection(SolutionItems) = preProject
		README.md = README.md
		umbraco-marketplace.json = umbraco-marketplace.json
	EndProjectSection
EndProject
Project("{9A19103F-16F7-4668-BE54-9A1E7A4F7556}") = "OpenOrClosed", "OpenOrClosed\OpenOrClosed.csproj", "{E3F218DA-1E12-46D2-B831-02738165068E}"
EndProject
Project("{2150E333-8FDC-42A3-9474-1A3956D46DE8}") = "GitHub", "GitHub", "{5064D0BE-331E-4171-B175-EDD15B1B3D4F}"
	ProjectSection(SolutionItems) = preProject
		.github\workflows\build.yml = .github\workflows\build.yml
		.github\workflows\release.yml = .github\workflows\release.yml
	EndProjectSection
EndProject
Project("{FAE04EC0-301F-11D3-BF4B-00C04F79EFBC}") = "OpenOrClosed.TestSite", "OpenOrClosed.TestSite\OpenOrClosed.TestSite.csproj", "{95167C47-3CA1-40DA-A1D9-2AA9431443D5}"
EndProject
Global
	GlobalSection(SolutionConfigurationPlatforms) = preSolution
		Debug|Any CPU = Debug|Any CPU
		Debug|x64 = Debug|x64
		Debug|x86 = Debug|x86
		Release|Any CPU = Release|Any CPU
		Release|x64 = Release|x64
		Release|x86 = Release|x86
	EndGlobalSection
	GlobalSection(ProjectConfigurationPlatforms) = postSolution
		{E3F218DA-1E12-46D2-B831-02738165068E}.Debug|Any CPU.ActiveCfg = Debug|Any CPU
		{E3F218DA-1E12-46D2-B831-02738165068E}.Debug|Any CPU.Build.0 = Debug|Any CPU
		{E3F218DA-1E12-46D2-B831-02738165068E}.Debug|x64.ActiveCfg = Debug|Any CPU
		{E3F218DA-1E12-46D2-B831-02738165068E}.Debug|x64.Build.0 = Debug|Any CPU
		{E3F218DA-1E12-46D2-B831-02738165068E}.Debug|x86.ActiveCfg = Debug|Any CPU
		{E3F218DA-1E12-46D2-B831-02738165068E}.Debug|x86.Build.0 = Debug|Any CPU
		{E3F218DA-1E12-46D2-B831-02738165068E}.Release|Any CPU.ActiveCfg = Release|Any CPU
		{E3F218DA-1E12-46D2-B831-02738165068E}.Release|Any CPU.Build.0 = Release|Any CPU
		{E3F218DA-1E12-46D2-B831-02738165068E}.Release|x64.ActiveCfg = Release|Any CPU
		{E3F218DA-1E12-46D2-B831-02738165068E}.Release|x64.Build.0 = Release|Any CPU
		{E3F218DA-1E12-46D2-B831-02738165068E}.Release|x86.ActiveCfg = Release|Any CPU
		{E3F218DA-1E12-46D2-B831-02738165068E}.Release|x86.Build.0 = Release|Any CPU
		{95167C47-3CA1-40DA-A1D9-2AA9431443D5}.Debug|Any CPU.ActiveCfg = Debug|Any CPU
		{95167C47-3CA1-40DA-A1D9-2AA9431443D5}.Debug|Any CPU.Build.0 = Debug|Any CPU
		{95167C47-3CA1-40DA-A1D9-2AA9431443D5}.Debug|x64.ActiveCfg = Debug|Any CPU
		{95167C47-3CA1-40DA-A1D9-2AA9431443D5}.Debug|x64.Build.0 = Debug|Any CPU
		{95167C47-3CA1-40DA-A1D9-2AA9431443D5}.Debug|x86.ActiveCfg = Debug|Any CPU
		{95167C47-3CA1-40DA-A1D9-2AA9431443D5}.Debug|x86.Build.0 = Debug|Any CPU
		{95167C47-3CA1-40DA-A1D9-2AA9431443D5}.Release|Any CPU.ActiveCfg = Release|Any CPU
		{95167C47-3CA1-40DA-A1D9-2AA9431443D5}.Release|Any CPU.Build.0 = Release|Any CPU
		{95167C47-3CA1-40DA-A1D9-2AA9431443D5}.Release|x64.ActiveCfg = Release|Any CPU
		{95167C47-3CA1-40DA-A1D9-2AA9431443D5}.Release|x64.Build.0 = Release|Any CPU
		{95167C47-3CA1-40DA-A1D9-2AA9431443D5}.Release|x86.ActiveCfg = Release|Any CPU
		{95167C47-3CA1-40DA-A1D9-2AA9431443D5}.Release|x86.Build.0 = Release|Any CPU
	EndGlobalSection
	GlobalSection(SolutionProperties) = preSolution
		HideSolutionNode = FALSE
	EndGlobalSection
	GlobalSection(ExtensibilityGlobals) = postSolution
		SolutionGuid = {0CC27316-0A72-4A32-AB13-283B955CA9A6}
	EndGlobalSection
EndGlobal
